// !$*UTF8*$!
{
	archiveVersion = 1;
	classes = {
	};
	objectVersion = 50;
	objects = {

/* Begin PBXBuildFile section */
		41A723A9224487F300B4F77C /* AppDelegate.m in Sources */ = {isa = PBXBuildFile; fileRef = 41A723A8224487F300B4F77C /* AppDelegate.m */; };
		41A723AC224487F300B4F77C /* ViewController.m in Sources */ = {isa = PBXBuildFile; fileRef = 41A723AB224487F300B4F77C /* ViewController.m */; };
		41A723AF224487F300B4F77C /* Main.storyboard in Resources */ = {isa = PBXBuildFile; fileRef = 41A723AD224487F300B4F77C /* Main.storyboard */; };
		41A723B1224487F500B4F77C /* Assets.xcassets in Resources */ = {isa = PBXBuildFile; fileRef = 41A723B0224487F500B4F77C /* Assets.xcassets */; };
		41A723B4224487F500B4F77C /* LaunchScreen.storyboard in Resources */ = {isa = PBXBuildFile; fileRef = 41A723B2224487F500B4F77C /* LaunchScreen.storyboard */; };
		41A723B7224487F500B4F77C /* main.m in Sources */ = {isa = PBXBuildFile; fileRef = 41A723B6224487F500B4F77C /* main.m */; };
		41A723E32244892300B4F77C /* egif_lib.c in Sources */ = {isa = PBXBuildFile; fileRef = 41A723C02244892300B4F77C /* egif_lib.c */; };
		41A723E42244892300B4F77C /* dgif_lib.c in Sources */ = {isa = PBXBuildFile; fileRef = 41A723C12244892300B4F77C /* dgif_lib.c */; };
		41A723E52244892300B4F77C /* openbsd-reallocarray.c in Sources */ = {isa = PBXBuildFile; fileRef = 41A723C42244892300B4F77C /* openbsd-reallocarray.c */; };
		41A723E62244892300B4F77C /* gifalloc.c in Sources */ = {isa = PBXBuildFile; fileRef = 41A723C62244892300B4F77C /* gifalloc.c */; };
		41A723E72244892300B4F77C /* quantize.c in Sources */ = {isa = PBXBuildFile; fileRef = 41A723C82244892300B4F77C /* quantize.c */; };
		41A723E82244892300B4F77C /* gif_hash.c in Sources */ = {isa = PBXBuildFile; fileRef = 41A723C92244892300B4F77C /* gif_hash.c */; };
		41A723E92244892300B4F77C /* gif_font.c in Sources */ = {isa = PBXBuildFile; fileRef = 41A723CB2244892300B4F77C /* gif_font.c */; };
		41A723EA2244892300B4F77C /* gif_err.c in Sources */ = {isa = PBXBuildFile; fileRef = 41A723CD2244892300B4F77C /* gif_err.c */; };
		41A723EB2244892300B4F77C /* giflib_ios.m in Sources */ = {isa = PBXBuildFile; fileRef = 41A723CE2244892300B4F77C /* giflib_ios.m */; };
		41A723EC2244892300B4F77C /* GifDecode.m in Sources */ = {isa = PBXBuildFile; fileRef = 41A723CF2244892300B4F77C /* GifDecode.m */; };
		41A723ED2244892300B4F77C /* MDMGIFImageDecoder.m in Sources */ = {isa = PBXBuildFile; fileRef = 41A723D02244892300B4F77C /* MDMGIFImageDecoder.m */; };
		41A723EE2244892300B4F77C /* libpng.a in Frameworks */ = {isa = PBXBuildFile; fileRef = 41A723D92244892300B4F77C /* libpng.a */; };
		41A723EF2244892300B4F77C /* MDMPNGImageDecoder.m in Sources */ = {isa = PBXBuildFile; fileRef = 41A723DA2244892300B4F77C /* MDMPNGImageDecoder.m */; };
		41A723F02244892300B4F77C /* MDMImageDecoder.m in Sources */ = {isa = PBXBuildFile; fileRef = 41A723DD2244892300B4F77C /* MDMImageDecoder.m */; };
		41A723F12244892300B4F77C /* MDMImage.m in Sources */ = {isa = PBXBuildFile; fileRef = 41A723DE2244892300B4F77C /* MDMImage.m */; };
		41A723F22244892300B4F77C /* MDMMMAPUtil.m in Sources */ = {isa = PBXBuildFile; fileRef = 41A723E22244892300B4F77C /* MDMMMAPUtil.m */; };
		41A723F622448B6000B4F77C /* gif in Resources */ = {isa = PBXBuildFile; fileRef = 41A723F422448B5F00B4F77C /* gif */; };
		41A723F722448B6000B4F77C /* png in Resources */ = {isa = PBXBuildFile; fileRef = 41A723F522448B5F00B4F77C /* png */; };
		7E5E1B484CB6616D57AE494B /* libPods-MDMImageDecoder.a in Frameworks */ = {isa = PBXBuildFile; fileRef = 24D2DA9477315F6846421D91 /* libPods-MDMImageDecoder.a */; };
/* End PBXBuildFile section */

/* Begin PBXFileReference section */
		24D2DA9477315F6846421D91 /* libPods-MDMImageDecoder.a */ = {isa = PBXFileReference; explicitFileType = archive.ar; includeInIndex = 0; path = "libPods-MDMImageDecoder.a"; sourceTree = BUILT_PRODUCTS_DIR; };
		41A723A4224487F300B4F77C /* MDMImageDecoder.app */ = {isa = PBXFileReference; explicitFileType = wrapper.application; includeInIndex = 0; path = MDMImageDecoder.app; sourceTree = BUILT_PRODUCTS_DIR; };
		41A723A7224487F300B4F77C /* AppDelegate.h */ = {isa = PBXFileReference; lastKnownFileType = sourcecode.c.h; path = AppDelegate.h; sourceTree = "<group>"; };
		41A723A8224487F300B4F77C /* AppDelegate.m */ = {isa = PBXFileReference; lastKnownFileType = sourcecode.c.objc; path = AppDelegate.m; sourceTree = "<group>"; };
		41A723AA224487F300B4F77C /* ViewController.h */ = {isa = PBXFileReference; lastKnownFileType = sourcecode.c.h; path = ViewController.h; sourceTree = "<group>"; };
		41A723AB224487F300B4F77C /* ViewController.m */ = {isa = PBXFileReference; lastKnownFileType = sourcecode.c.objc; path = ViewController.m; sourceTree = "<group>"; };
		41A723AE224487F300B4F77C /* Base */ = {isa = PBXFileReference; lastKnownFileType = file.storyboard; name = Base; path = Base.lproj/Main.storyboard; sourceTree = "<group>"; };
		41A723B0224487F500B4F77C /* Assets.xcassets */ = {isa = PBXFileReference; lastKnownFileType = folder.assetcatalog; path = Assets.xcassets; sourceTree = "<group>"; };
		41A723B3224487F500B4F77C /* Base */ = {isa = PBXFileReference; lastKnownFileType = file.storyboard; name = Base; path = Base.lproj/LaunchScreen.storyboard; sourceTree = "<group>"; };
		41A723B5224487F500B4F77C /* Info.plist */ = {isa = PBXFileReference; lastKnownFileType = text.plist.xml; path = Info.plist; sourceTree = "<group>"; };
		41A723B6224487F500B4F77C /* main.m */ = {isa = PBXFileReference; lastKnownFileType = sourcecode.c.objc; path = main.m; sourceTree = "<group>"; };
		41A723C02244892300B4F77C /* egif_lib.c */ = {isa = PBXFileReference; fileEncoding = 4; lastKnownFileType = sourcecode.c.c; path = egif_lib.c; sourceTree = "<group>"; };
		41A723C12244892300B4F77C /* dgif_lib.c */ = {isa = PBXFileReference; fileEncoding = 4; lastKnownFileType = sourcecode.c.c; path = dgif_lib.c; sourceTree = "<group>"; };
		41A723C22244892300B4F77C /* gif_hash.h */ = {isa = PBXFileReference; fileEncoding = 4; lastKnownFileType = sourcecode.c.h; path = gif_hash.h; sourceTree = "<group>"; };
		41A723C32244892300B4F77C /* gif_lib_private.h */ = {isa = PBXFileReference; fileEncoding = 4; lastKnownFileType = sourcecode.c.h; path = gif_lib_private.h; sourceTree = "<group>"; };
		41A723C42244892300B4F77C /* openbsd-reallocarray.c */ = {isa = PBXFileReference; fileEncoding = 4; lastKnownFileType = sourcecode.c.c; path = "openbsd-reallocarray.c"; sourceTree = "<group>"; };
		41A723C52244892300B4F77C /* giflib_ios.h */ = {isa = PBXFileReference; fileEncoding = 4; lastKnownFileType = sourcecode.c.h; path = giflib_ios.h; sourceTree = "<group>"; };
		41A723C62244892300B4F77C /* gifalloc.c */ = {isa = PBXFileReference; fileEncoding = 4; lastKnownFileType = sourcecode.c.c; path = gifalloc.c; sourceTree = "<group>"; };
		41A723C72244892300B4F77C /* GifDecode.h */ = {isa = PBXFileReference; fileEncoding = 4; lastKnownFileType = sourcecode.c.h; path = GifDecode.h; sourceTree = "<group>"; };
		41A723C82244892300B4F77C /* quantize.c */ = {isa = PBXFileReference; fileEncoding = 4; lastKnownFileType = sourcecode.c.c; path = quantize.c; sourceTree = "<group>"; };
		41A723C92244892300B4F77C /* gif_hash.c */ = {isa = PBXFileReference; fileEncoding = 4; lastKnownFileType = sourcecode.c.c; path = gif_hash.c; sourceTree = "<group>"; };
		41A723CA2244892300B4F77C /* giflib-ios-Prefix.pch */ = {isa = PBXFileReference; fileEncoding = 4; lastKnownFileType = sourcecode.c.h; path = "giflib-ios-Prefix.pch"; sourceTree = "<group>"; };
		41A723CB2244892300B4F77C /* gif_font.c */ = {isa = PBXFileReference; fileEncoding = 4; lastKnownFileType = sourcecode.c.c; path = gif_font.c; sourceTree = "<group>"; };
		41A723CC2244892300B4F77C /* gif_lib.h */ = {isa = PBXFileReference; fileEncoding = 4; lastKnownFileType = sourcecode.c.h; path = gif_lib.h; sourceTree = "<group>"; };
		41A723CD2244892300B4F77C /* gif_err.c */ = {isa = PBXFileReference; fileEncoding = 4; lastKnownFileType = sourcecode.c.c; path = gif_err.c; sourceTree = "<group>"; };
		41A723CE2244892300B4F77C /* giflib_ios.m */ = {isa = PBXFileReference; fileEncoding = 4; lastKnownFileType = sourcecode.c.objc; path = giflib_ios.m; sourceTree = "<group>"; };
		41A723CF2244892300B4F77C /* GifDecode.m */ = {isa = PBXFileReference; fileEncoding = 4; lastKnownFileType = sourcecode.c.objc; path = GifDecode.m; sourceTree = "<group>"; };
		41A723D02244892300B4F77C /* MDMGIFImageDecoder.m */ = {isa = PBXFileReference; fileEncoding = 4; lastKnownFileType = sourcecode.c.objc; path = MDMGIFImageDecoder.m; sourceTree = "<group>"; };
		41A723D12244892300B4F77C /* MDMGIFImageDecoder.h */ = {isa = PBXFileReference; fileEncoding = 4; lastKnownFileType = sourcecode.c.h; path = MDMGIFImageDecoder.h; sourceTree = "<group>"; };
		41A723D52244892300B4F77C /* png.h */ = {isa = PBXFileReference; fileEncoding = 4; lastKnownFileType = sourcecode.c.h; path = png.h; sourceTree = "<group>"; };
		41A723D62244892300B4F77C /* pnglibconf.h */ = {isa = PBXFileReference; fileEncoding = 4; lastKnownFileType = sourcecode.c.h; path = pnglibconf.h; sourceTree = "<group>"; };
		41A723D72244892300B4F77C /* pngconf.h */ = {isa = PBXFileReference; fileEncoding = 4; lastKnownFileType = sourcecode.c.h; path = pngconf.h; sourceTree = "<group>"; };
		41A723D92244892300B4F77C /* libpng.a */ = {isa = PBXFileReference; lastKnownFileType = archive.ar; path = libpng.a; sourceTree = "<group>"; };
		41A723DA2244892300B4F77C /* MDMPNGImageDecoder.m */ = {isa = PBXFileReference; fileEncoding = 4; lastKnownFileType = sourcecode.c.objc; path = MDMPNGImageDecoder.m; sourceTree = "<group>"; };
		41A723DB2244892300B4F77C /* MDMPNGImageDecoder.h */ = {isa = PBXFileReference; fileEncoding = 4; lastKnownFileType = sourcecode.c.h; path = MDMPNGImageDecoder.h; sourceTree = "<group>"; };
		41A723DD2244892300B4F77C /* MDMImageDecoder.m */ = {isa = PBXFileReference; fileEncoding = 4; lastKnownFileType = sourcecode.c.objc; path = MDMImageDecoder.m; sourceTree = "<group>"; };
		41A723DE2244892300B4F77C /* MDMImage.m */ = {isa = PBXFileReference; fileEncoding = 4; lastKnownFileType = sourcecode.c.objc; path = MDMImage.m; sourceTree = "<group>"; };
		41A723DF2244892300B4F77C /* MDMMMAPUtil.h */ = {isa = PBXFileReference; fileEncoding = 4; lastKnownFileType = sourcecode.c.h; path = MDMMMAPUtil.h; sourceTree = "<group>"; };
		41A723E02244892300B4F77C /* MDMImage.h */ = {isa = PBXFileReference; fileEncoding = 4; lastKnownFileType = sourcecode.c.h; path = MDMImage.h; sourceTree = "<group>"; };
		41A723E12244892300B4F77C /* MDMImageDecoder.h */ = {isa = PBXFileReference; fileEncoding = 4; lastKnownFileType = sourcecode.c.h; path = MDMImageDecoder.h; sourceTree = "<group>"; };
		41A723E22244892300B4F77C /* MDMMMAPUtil.m */ = {isa = PBXFileReference; fileEncoding = 4; lastKnownFileType = sourcecode.c.objc; path = MDMMMAPUtil.m; sourceTree = "<group>"; };
		41A723F422448B5F00B4F77C /* gif */ = {isa = PBXFileReference; lastKnownFileType = folder; path = gif; sourceTree = "<group>"; };
		41A723F522448B5F00B4F77C /* png */ = {isa = PBXFileReference; lastKnownFileType = folder; path = png; sourceTree = "<group>"; };
		6C542644426B03F3E90C14C4 /* Pods-MDMImageDecoder.debug.xcconfig */ = {isa = PBXFileReference; includeInIndex = 1; lastKnownFileType = text.xcconfig; name = "Pods-MDMImageDecoder.debug.xcconfig"; path = "Target Support Files/Pods-MDMImageDecoder/Pods-MDMImageDecoder.debug.xcconfig"; sourceTree = "<group>"; };
		6EAB0EB2D0D67B09E2094AB0 /* Pods-MDMImageDecoder.release.xcconfig */ = {isa = PBXFileReference; includeInIndex = 1; lastKnownFileType = text.xcconfig; name = "Pods-MDMImageDecoder.release.xcconfig"; path = "Target Support Files/Pods-MDMImageDecoder/Pods-MDMImageDecoder.release.xcconfig"; sourceTree = "<group>"; };
/* End PBXFileReference section */

/* Begin PBXFrameworksBuildPhase section */
		41A723A1224487F300B4F77C /* Frameworks */ = {
			isa = PBXFrameworksBuildPhase;
			buildActionMask = 2147483647;
			files = (
				7E5E1B484CB6616D57AE494B /* libPods-MDMImageDecoder.a in Frameworks */,
				41A723EE2244892300B4F77C /* libpng.a in Frameworks */,
			);
			runOnlyForDeploymentPostprocessing = 0;
		};
/* End PBXFrameworksBuildPhase section */

/* Begin PBXGroup section */
		41A7239B224487F300B4F77C = {
			isa = PBXGroup;
			children = (
				41A723A6224487F300B4F77C /* MDMImageDecoder */,
				41A723A5224487F300B4F77C /* Products */,
				ABAA1D193600A3956ABEC1D4 /* Pods */,
				4D50990F097635F8D773EC93 /* Frameworks */,
			);
			sourceTree = "<group>";
		};
		41A723A5224487F300B4F77C /* Products */ = {
			isa = PBXGroup;
			children = (
				41A723A4224487F300B4F77C /* MDMImageDecoder.app */,
			);
			name = Products;
			sourceTree = "<group>";
		};
		41A723A6224487F300B4F77C /* MDMImageDecoder */ = {
			isa = PBXGroup;
			children = (
				41A723F322448B5100B4F77C /* Files */,
				41A723BD2244892300B4F77C /* MDMImageDecoder */,
				41A723A7224487F300B4F77C /* AppDelegate.h */,
				41A723A8224487F300B4F77C /* AppDelegate.m */,
				41A723AA224487F300B4F77C /* ViewController.h */,
				41A723AB224487F300B4F77C /* ViewController.m */,
				41A723AD224487F300B4F77C /* Main.storyboard */,
				41A723B0224487F500B4F77C /* Assets.xcassets */,
				41A723B2224487F500B4F77C /* LaunchScreen.storyboard */,
				41A723B5224487F500B4F77C /* Info.plist */,
				41A723B6224487F500B4F77C /* main.m */,
			);
			path = MDMImageDecoder;
			sourceTree = "<group>";
		};
		41A723BD2244892300B4F77C /* MDMImageDecoder */ = {
			isa = PBXGroup;
			children = (
				41A723BE2244892300B4F77C /* MDMGIFImageDecoder */,
				41A723D22244892300B4F77C /* MDMPNGImageDecoder */,
				41A723DC2244892300B4F77C /* MDMImage */,
			);
			path = MDMImageDecoder;
			sourceTree = "<group>";
		};
		41A723BE2244892300B4F77C /* MDMGIFImageDecoder */ = {
			isa = PBXGroup;
			children = (
				41A723BF2244892300B4F77C /* giflib-ios */,
				41A723D12244892300B4F77C /* MDMGIFImageDecoder.h */,
				41A723D02244892300B4F77C /* MDMGIFImageDecoder.m */,
			);
			path = MDMGIFImageDecoder;
			sourceTree = "<group>";
		};
		41A723BF2244892300B4F77C /* giflib-ios */ = {
			isa = PBXGroup;
			children = (
				41A723C02244892300B4F77C /* egif_lib.c */,
				41A723C12244892300B4F77C /* dgif_lib.c */,
				41A723C22244892300B4F77C /* gif_hash.h */,
				41A723C32244892300B4F77C /* gif_lib_private.h */,
				41A723C42244892300B4F77C /* openbsd-reallocarray.c */,
				41A723C52244892300B4F77C /* giflib_ios.h */,
				41A723C62244892300B4F77C /* gifalloc.c */,
				41A723C72244892300B4F77C /* GifDecode.h */,
				41A723C82244892300B4F77C /* quantize.c */,
				41A723C92244892300B4F77C /* gif_hash.c */,
				41A723CA2244892300B4F77C /* giflib-ios-Prefix.pch */,
				41A723CB2244892300B4F77C /* gif_font.c */,
				41A723CC2244892300B4F77C /* gif_lib.h */,
				41A723CD2244892300B4F77C /* gif_err.c */,
				41A723CE2244892300B4F77C /* giflib_ios.m */,
				41A723CF2244892300B4F77C /* GifDecode.m */,
			);
			path = "giflib-ios";
			sourceTree = "<group>";
		};
		41A723D22244892300B4F77C /* MDMPNGImageDecoder */ = {
			isa = PBXGroup;
			children = (
				41A723D32244892300B4F77C /* libpng */,
				41A723DB2244892300B4F77C /* MDMPNGImageDecoder.h */,
				41A723DA2244892300B4F77C /* MDMPNGImageDecoder.m */,
			);
			path = MDMPNGImageDecoder;
			sourceTree = "<group>";
		};
		41A723D32244892300B4F77C /* libpng */ = {
			isa = PBXGroup;
			children = (
				41A723D42244892300B4F77C /* include */,
				41A723D82244892300B4F77C /* lib */,
			);
			path = libpng;
			sourceTree = "<group>";
		};
		41A723D42244892300B4F77C /* include */ = {
			isa = PBXGroup;
			children = (
				41A723D52244892300B4F77C /* png.h */,
				41A723D62244892300B4F77C /* pnglibconf.h */,
				41A723D72244892300B4F77C /* pngconf.h */,
			);
			path = include;
			sourceTree = "<group>";
		};
		41A723D82244892300B4F77C /* lib */ = {
			isa = PBXGroup;
			children = (
				41A723D92244892300B4F77C /* libpng.a */,
			);
			path = lib;
			sourceTree = "<group>";
		};
		41A723DC2244892300B4F77C /* MDMImage */ = {
			isa = PBXGroup;
			children = (
				41A723E02244892300B4F77C /* MDMImage.h */,
				41A723DE2244892300B4F77C /* MDMImage.m */,
				41A723E12244892300B4F77C /* MDMImageDecoder.h */,
				41A723DD2244892300B4F77C /* MDMImageDecoder.m */,
				41A723DF2244892300B4F77C /* MDMMMAPUtil.h */,
				41A723E22244892300B4F77C /* MDMMMAPUtil.m */,
			);
			path = MDMImage;
			sourceTree = "<group>";
		};
		41A723F322448B5100B4F77C /* Files */ = {
			isa = PBXGroup;
			children = (
				41A723F422448B5F00B4F77C /* gif */,
				41A723F522448B5F00B4F77C /* png */,
			);
			path = Files;
			sourceTree = "<group>";
		};
		4D50990F097635F8D773EC93 /* Frameworks */ = {
			isa = PBXGroup;
			children = (
				24D2DA9477315F6846421D91 /* libPods-MDMImageDecoder.a */,
			);
			name = Frameworks;
			sourceTree = "<group>";
		};
		ABAA1D193600A3956ABEC1D4 /* Pods */ = {
			isa = PBXGroup;
			children = (
				6C542644426B03F3E90C14C4 /* Pods-MDMImageDecoder.debug.xcconfig */,
				6EAB0EB2D0D67B09E2094AB0 /* Pods-MDMImageDecoder.release.xcconfig */,
			);
			path = Pods;
			sourceTree = "<group>";
		};
/* End PBXGroup section */

/* Begin PBXNativeTarget section */
		41A723A3224487F300B4F77C /* MDMImageDecoder */ = {
			isa = PBXNativeTarget;
			buildConfigurationList = 41A723BA224487F500B4F77C /* Build configuration list for PBXNativeTarget "MDMImageDecoder" */;
			buildPhases = (
				0980AA24B4F4BE46040C1605 /* [CP] Check Pods Manifest.lock */,
				41A723A0224487F300B4F77C /* Sources */,
				41A723A1224487F300B4F77C /* Frameworks */,
				41A723A2224487F300B4F77C /* Resources */,
			);
			buildRules = (
			);
			dependencies = (
			);
			name = MDMImageDecoder;
			productName = MDMImageDecoder;
			productReference = 41A723A4224487F300B4F77C /* MDMImageDecoder.app */;
			productType = "com.apple.product-type.application";
		};
/* End PBXNativeTarget section */

/* Begin PBXProject section */
		41A7239C224487F300B4F77C /* Project object */ = {
			isa = PBXProject;
			attributes = {
				LastUpgradeCheck = 1010;
				ORGANIZATIONNAME = mademao;
				TargetAttributes = {
					41A723A3224487F300B4F77C = {
						CreatedOnToolsVersion = 10.1;
					};
				};
			};
			buildConfigurationList = 41A7239F224487F300B4F77C /* Build configuration list for PBXProject "MDMImageDecoder" */;
			compatibilityVersion = "Xcode 9.3";
			developmentRegion = en;
			hasScannedForEncodings = 0;
			knownRegions = (
				en,
				Base,
			);
			mainGroup = 41A7239B224487F300B4F77C;
			productRefGroup = 41A723A5224487F300B4F77C /* Products */;
			projectDirPath = "";
			projectRoot = "";
			targets = (
				41A723A3224487F300B4F77C /* MDMImageDecoder */,
			);
		};
/* End PBXProject section */

/* Begin PBXResourcesBuildPhase section */
		41A723A2224487F300B4F77C /* Resources */ = {
			isa = PBXResourcesBuildPhase;
			buildActionMask = 2147483647;
			files = (
				41A723F722448B6000B4F77C /* png in Resources */,
				41A723B4224487F500B4F77C /* LaunchScreen.storyboard in Resources */,
				41A723F622448B6000B4F77C /* gif in Resources */,
				41A723B1224487F500B4F77C /* Assets.xcassets in Resources */,
				41A723AF224487F300B4F77C /* Main.storyboard in Resources */,
			);
			runOnlyForDeploymentPostprocessing = 0;
		};
/* End PBXResourcesBuildPhase section */

/* Begin PBXShellScriptBuildPhase section */
		0980AA24B4F4BE46040C1605 /* [CP] Check Pods Manifest.lock */ = {
			isa = PBXShellScriptBuildPhase;
			buildActionMask = 2147483647;
			files = (
			);
			inputFileListPaths = (
			);
			inputPaths = (
				"${PODS_PODFILE_DIR_PATH}/Podfile.lock",
				"${PODS_ROOT}/Manifest.lock",
			);
			name = "[CP] Check Pods Manifest.lock";
			outputFileListPaths = (
			);
			outputPaths = (
				"$(DERIVED_FILE_DIR)/Pods-MDMImageDecoder-checkManifestLockResult.txt",
			);
			runOnlyForDeploymentPostprocessing = 0;
			shellPath = /bin/sh;
			shellScript = "diff \"${PODS_PODFILE_DIR_PATH}/Podfile.lock\" \"${PODS_ROOT}/Manifest.lock\" > /dev/null\nif [ $? != 0 ] ; then\n    # print error to STDERR\n    echo \"error: The sandbox is not in sync with the Podfile.lock. Run 'pod install' or update your CocoaPods installation.\" >&2\n    exit 1\nfi\n# This output is used by Xcode 'outputs' to avoid re-running this script phase.\necho \"SUCCESS\" > \"${SCRIPT_OUTPUT_FILE_0}\"\n";
			showEnvVarsInLog = 0;
		};
/* End PBXShellScriptBuildPhase section */

/* Begin PBXSourcesBuildPhase section */
		41A723A0224487F300B4F77C /* Sources */ = {
			isa = PBXSourcesBuildPhase;
			buildActionMask = 2147483647;
			files = (
				41A723EF2244892300B4F77C /* MDMPNGImageDecoder.m in Sources */,
				41A723E42244892300B4F77C /* dgif_lib.c in Sources */,
				41A723EC2244892300B4F77C /* GifDecode.m in Sources */,
				41A723F02244892300B4F77C /* MDMImageDecoder.m in Sources */,
				41A723E62244892300B4F77C /* gifalloc.c in Sources */,
				41A723EB2244892300B4F77C /* giflib_ios.m in Sources */,
				41A723E32244892300B4F77C /* egif_lib.c in Sources */,
				41A723E52244892300B4F77C /* openbsd-reallocarray.c in Sources */,
				41A723EA2244892300B4F77C /* gif_err.c in Sources */,
				41A723E72244892300B4F77C /* quantize.c in Sources */,
				41A723AC224487F300B4F77C /* ViewController.m in Sources */,
				41A723E82244892300B4F77C /* gif_hash.c in Sources */,
				41A723E92244892300B4F77C /* gif_font.c in Sources */,
				41A723B7224487F500B4F77C /* main.m in Sources */,
				41A723ED2244892300B4F77C /* MDMGIFImageDecoder.m in Sources */,
				41A723F22244892300B4F77C /* MDMMMAPUtil.m in Sources */,
				41A723A9224487F300B4F77C /* AppDelegate.m in Sources */,
				41A723F12244892300B4F77C /* MDMImage.m in Sources */,
			);
			runOnlyForDeploymentPostprocessing = 0;
		};
/* End PBXSourcesBuildPhase section */

/* Begin PBXVariantGroup section */
		41A723AD224487F300B4F77C /* Main.storyboard */ = {
			isa = PBXVariantGroup;
			children = (
				41A723AE224487F300B4F77C /* Base */,
			);
			name = Main.storyboard;
			sourceTree = "<group>";
		};
		41A723B2224487F500B4F77C /* LaunchScreen.storyboard */ = {
			isa = PBXVariantGroup;
			children = (
				41A723B3224487F500B4F77C /* Base */,
			);
			name = LaunchScreen.storyboard;
			sourceTree = "<group>";
		};
/* End PBXVariantGroup section */

/* Begin XCBuildConfiguration section */
		41A723B8224487F500B4F77C /* Debug */ = {
			isa = XCBuildConfiguration;
			buildSettings = {
				ALWAYS_SEARCH_USER_PATHS = NO;
				CLANG_ANALYZER_NONNULL = YES;
				CLANG_ANALYZER_NUMBER_OBJECT_CONVERSION = YES_AGGRESSIVE;
				CLANG_CXX_LANGUAGE_STANDARD = "gnu++14";
				CLANG_CXX_LIBRARY = "libc++";
				CLANG_ENABLE_MODULES = YES;
				CLANG_ENABLE_OBJC_ARC = YES;
				CLANG_ENABLE_OBJC_WEAK = YES;
				CLANG_WARN_BLOCK_CAPTURE_AUTORELEASING = YES;
				CLANG_WARN_BOOL_CONVERSION = YES;
				CLANG_WARN_COMMA = YES;
				CLANG_WARN_CONSTANT_CONVERSION = YES;
				CLANG_WARN_DEPRECATED_OBJC_IMPLEMENTATIONS = YES;
				CLANG_WARN_DIRECT_OBJC_ISA_USAGE = YES_ERROR;
				CLANG_WARN_DOCUMENTATION_COMMENTS = YES;
				CLANG_WARN_EMPTY_BODY = YES;
				CLANG_WARN_ENUM_CONVERSION = YES;
				CLANG_WARN_INFINITE_RECURSION = YES;
				CLANG_WARN_INT_CONVERSION = YES;
				CLANG_WARN_NON_LITERAL_NULL_CONVERSION = YES;
				CLANG_WARN_OBJC_IMPLICIT_RETAIN_SELF = YES;
				CLANG_WARN_OBJC_LITERAL_CONVERSION = YES;
				CLANG_WARN_OBJC_ROOT_CLASS = YES_ERROR;
				CLANG_WARN_RANGE_LOOP_ANALYSIS = YES;
				CLANG_WARN_STRICT_PROTOTYPES = YES;
				CLANG_WARN_SUSPICIOUS_MOVE = YES;
				CLANG_WARN_UNGUARDED_AVAILABILITY = YES_AGGRESSIVE;
				CLANG_WARN_UNREACHABLE_CODE = YES;
				CLANG_WARN__DUPLICATE_METHOD_MATCH = YES;
				CODE_SIGN_IDENTITY = "iPhone Developer";
				COPY_PHASE_STRIP = NO;
				DEBUG_INFORMATION_FORMAT = dwarf;
				ENABLE_STRICT_OBJC_MSGSEND = YES;
				ENABLE_TESTABILITY = YES;
				GCC_C_LANGUAGE_STANDARD = gnu11;
				GCC_DYNAMIC_NO_PIC = NO;
				GCC_NO_COMMON_BLOCKS = YES;
				GCC_OPTIMIZATION_LEVEL = 0;
				GCC_PREPROCESSOR_DEFINITIONS = (
					"DEBUG=1",
					"$(inherited)",
				);
				GCC_WARN_64_TO_32_BIT_CONVERSION = YES;
				GCC_WARN_ABOUT_RETURN_TYPE = YES_ERROR;
				GCC_WARN_UNDECLARED_SELECTOR = YES;
				GCC_WARN_UNINITIALIZED_AUTOS = YES_AGGRESSIVE;
				GCC_WARN_UNUSED_FUNCTION = YES;
				GCC_WARN_UNUSED_VARIABLE = YES;
				IPHONEOS_DEPLOYMENT_TARGET = 12.1;
				MTL_ENABLE_DEBUG_INFO = INCLUDE_SOURCE;
				MTL_FAST_MATH = YES;
				ONLY_ACTIVE_ARCH = YES;
				SDKROOT = iphoneos;
			};
			name = Debug;
		};
		41A723B9224487F500B4F77C /* Release */ = {
			isa = XCBuildConfiguration;
			buildSettings = {
				ALWAYS_SEARCH_USER_PATHS = NO;
				CLANG_ANALYZER_NONNULL = YES;
				CLANG_ANALYZER_NUMBER_OBJECT_CONVERSION = YES_AGGRESSIVE;
				CLANG_CXX_LANGUAGE_STANDARD = "gnu++14";
				CLANG_CXX_LIBRARY = "libc++";
				CLANG_ENABLE_MODULES = YES;
				CLANG_ENABLE_OBJC_ARC = YES;
				CLANG_ENABLE_OBJC_WEAK = YES;
				CLANG_WARN_BLOCK_CAPTURE_AUTORELEASING = YES;
				CLANG_WARN_BOOL_CONVERSION = YES;
				CLANG_WARN_COMMA = YES;
				CLANG_WARN_CONSTANT_CONVERSION = YES;
				CLANG_WARN_DEPRECATED_OBJC_IMPLEMENTATIONS = YES;
				CLANG_WARN_DIRECT_OBJC_ISA_USAGE = YES_ERROR;
				CLANG_WARN_DOCUMENTATION_COMMENTS = YES;
				CLANG_WARN_EMPTY_BODY = YES;
				CLANG_WARN_ENUM_CONVERSION = YES;
				CLANG_WARN_INFINITE_RECURSION = YES;
				CLANG_WARN_INT_CONVERSION = YES;
				CLANG_WARN_NON_LITERAL_NULL_CONVERSION = YES;
				CLANG_WARN_OBJC_IMPLICIT_RETAIN_SELF = YES;
				CLANG_WARN_OBJC_LITERAL_CONVERSION = YES;
				CLANG_WARN_OBJC_ROOT_CLASS = YES_ERROR;
				CLANG_WARN_RANGE_LOOP_ANALYSIS = YES;
				CLANG_WARN_STRICT_PROTOTYPES = YES;
				CLANG_WARN_SUSPICIOUS_MOVE = YES;
				CLANG_WARN_UNGUARDED_AVAILABILITY = YES_AGGRESSIVE;
				CLANG_WARN_UNREACHABLE_CODE = YES;
				CLANG_WARN__DUPLICATE_METHOD_MATCH = YES;
				CODE_SIGN_IDENTITY = "iPhone Developer";
				COPY_PHASE_STRIP = NO;
				DEBUG_INFORMATION_FORMAT = "dwarf-with-dsym";
				ENABLE_NS_ASSERTIONS = NO;
				ENABLE_STRICT_OBJC_MSGSEND = YES;
				GCC_C_LANGUAGE_STANDARD = gnu11;
				GCC_NO_COMMON_BLOCKS = YES;
				GCC_WARN_64_TO_32_BIT_CONVERSION = YES;
				GCC_WARN_ABOUT_RETURN_TYPE = YES_ERROR;
				GCC_WARN_UNDECLARED_SELECTOR = YES;
				GCC_WARN_UNINITIALIZED_AUTOS = YES_AGGRESSIVE;
				GCC_WARN_UNUSED_FUNCTION = YES;
				GCC_WARN_UNUSED_VARIABLE = YES;
				IPHONEOS_DEPLOYMENT_TARGET = 12.1;
				MTL_ENABLE_DEBUG_INFO = NO;
				MTL_FAST_MATH = YES;
				SDKROOT = iphoneos;
				VALIDATE_PRODUCT = YES;
			};
			name = Release;
		};
		41A723BB224487F500B4F77C /* Debug */ = {
			isa = XCBuildConfiguration;
			baseConfigurationReference = 6C542644426B03F3E90C14C4 /* Pods-MDMImageDecoder.debug.xcconfig */;
			buildSettings = {
				ASSETCATALOG_COMPILER_APPICON_NAME = AppIcon;
				CODE_SIGN_STYLE = Automatic;
				INFOPLIST_FILE = MDMImageDecoder/Info.plist;
				IPHONEOS_DEPLOYMENT_TARGET = 8.0;
				LD_RUNPATH_SEARCH_PATHS = (
					"$(inherited)",
					"@executable_path/Frameworks",
				);
				LIBRARY_SEARCH_PATHS = (
					"$(inherited)",
					"$(PROJECT_DIR)/MDMImageDecoder/MDMImageDecoder/MDMPNGImageDecoder/libpng/lib",
				);
				PRODUCT_BUNDLE_IDENTIFIER = com.mademao.MDMImageDecoder;
				PRODUCT_NAME = "$(TARGET_NAME)";
				TARGETED_DEVICE_FAMILY = "1,2";
			};
			name = Debug;
		};
		41A723BC224487F500B4F77C /* Release */ = {
			isa = XCBuildConfiguration;
			baseConfigurationReference = 6EAB0EB2D0D67B09E2094AB0 /* Pods-MDMImageDecoder.release.xcconfig */;
			buildSettings = {
				ASSETCATALOG_COMPILER_APPICON_NAME = AppIcon;
				CODE_SIGN_STYLE = Automatic;
				INFOPLIST_FILE = MDMImageDecoder/Info.plist;
				IPHONEOS_DEPLOYMENT_TARGET = 8.0;
				LD_RUNPATH_SEARCH_PATHS = (
					"$(inherited)",
					"@executable_path/Frameworks",
				);
				LIBRARY_SEARCH_PATHS = (
					"$(inherited)",
					"$(PROJECT_DIR)/MDMImageDecoder/MDMImageDecoder/MDMPNGImageDecoder/libpng/lib",
				);
				PRODUCT_BUNDLE_IDENTIFIER = com.mademao.MDMImageDecoder;
				PRODUCT_NAME = "$(TARGET_NAME)";
				TARGETED_DEVICE_FAMILY = "1,2";
			};
			name = Release;
		};
/* End XCBuildConfiguration section */

/* Begin XCConfigurationList section */
		41A7239F224487F300B4F77C /* Build configuration list for PBXProject "MDMImageDecoder" */ = {
			isa = XCConfigurationList;
			buildConfigurations = (
				41A723B8224487F500B4F77C /* Debug */,
				41A723B9224487F500B4F77C /* Release */,
			);
			defaultConfigurationIsVisible = 0;
			defaultConfigurationName = Release;
		};
		41A723BA224487F500B4F77C /* Build configuration list for PBXNativeTarget "MDMImageDecoder" */ = {
			isa = XCConfigurationList;
			buildConfigurations = (
				41A723BB224487F500B4F77C /* Debug */,
				41A723BC224487F500B4F77C /* Release */,
			);
			defaultConfigurationIsVisible = 0;
			defaultConfigurationName = Release;
		};
/* End XCConfigurationList section */
	};
	rootObject = 41A7239C224487F300B4F77C /* Project object */;
}
